// !$*UTF8*$!
{
	archiveVersion = 1;
	classes = {
	};
	objectVersion = 47;
	objects = {

/* Begin PBXBuildFile section */
		2F1B6C4E1C5DEBA5000EACBE /* main.c in Sources */ = {isa = PBXBuildFile; fileRef = 2F1B6C4D1C5DEBA5000EACBE /* main.c */; };
		2F74EEE71C672BA400A7E49D /* utilsTests.cp in Sources */ = {isa = PBXBuildFile; fileRef = 2F74EEE61C672BA400A7E49D /* utilsTests.cp */; };
		2FD5ECCF1C5E056A001DA59E /* libargp.a in Frameworks */ = {isa = PBXBuildFile; fileRef = 2FD5ECCE1C5E056A001DA59E /* libargp.a */; };
		2FD5ECD51C5EEAFA001DA59E /* argparser.c in Sources */ = {isa = PBXBuildFile; fileRef = 2FD5ECD31C5EEAFA001DA59E /* argparser.c */; };
		2FD5ECD81C5F3C6E001DA59E /* ftpclient.c in Sources */ = {isa = PBXBuildFile; fileRef = 2FD5ECD61C5F3C6E001DA59E /* ftpclient.c */; };
		2FD5ECE41C5F4B5D001DA59E /* main.cpp in Sources */ = {isa = PBXBuildFile; fileRef = 2FD5ECE31C5F4B5D001DA59E /* main.cpp */; };
		2FD5ECE81C5F4B80001DA59E /* gmock.framework in Frameworks */ = {isa = PBXBuildFile; fileRef = 2FD5ECD91C5F4B44001DA59E /* gmock.framework */; };
		2FD5ECE91C5F4B83001DA59E /* gtest.framework in Frameworks */ = {isa = PBXBuildFile; fileRef = 2FD5ECDA1C5F4B44001DA59E /* gtest.framework */; };
		2FD5ECEA1C5F4B87001DA59E /* libargp.a in Frameworks */ = {isa = PBXBuildFile; fileRef = 2FD5ECCE1C5E056A001DA59E /* libargp.a */; };
		2FD5ECEB1C5F4BBF001DA59E /* argparser.c in Sources */ = {isa = PBXBuildFile; fileRef = 2FD5ECD31C5EEAFA001DA59E /* argparser.c */; };
		2FD5ECED1C5F4BC7001DA59E /* ftpclient.c in Sources */ = {isa = PBXBuildFile; fileRef = 2FD5ECD61C5F3C6E001DA59E /* ftpclient.c */; };
		2FD5ECEF1C5F4BE9001DA59E /* ftpclientTests.cpp in Sources */ = {isa = PBXBuildFile; fileRef = 2FD5ECEE1C5F4BE8001DA59E /* ftpclientTests.cpp */; };
		2FD5ECF21C5FD320001DA59E /* utils.c in Sources */ = {isa = PBXBuildFile; fileRef = 2FD5ECF01C5FD320001DA59E /* utils.c */; };
		2FD5ECF31C5FD320001DA59E /* utils.c in Sources */ = {isa = PBXBuildFile; fileRef = 2FD5ECF01C5FD320001DA59E /* utils.c */; };
		2FF9AAD21C6DCCD2000F71C9 /* configparser.c in Sources */ = {isa = PBXBuildFile; fileRef = 2FF9AAD01C6DCCD2000F71C9 /* configparser.c */; };
		2FF9AAD31C6DCCD2000F71C9 /* configparser.c in Sources */ = {isa = PBXBuildFile; fileRef = 2FF9AAD01C6DCCD2000F71C9 /* configparser.c */; };
		2FF9AAD61C6DD183000F71C9 /* configparserTests.cpp in Sources */ = {isa = PBXBuildFile; fileRef = 2FF9AAD41C6DD183000F71C9 /* configparserTests.cpp */; };
/* End PBXBuildFile section */

/* Begin PBXCopyFilesBuildPhase section */
		2F1B6C481C5DEBA4000EACBE /* CopyFiles */ = {
			isa = PBXCopyFilesBuildPhase;
			buildActionMask = 2147483647;
			dstPath = /usr/share/man/man1/;
			dstSubfolderSpec = 0;
			files = (
			);
			runOnlyForDeploymentPostprocessing = 1;
		};
		2FD5ECDF1C5F4B5D001DA59E /* CopyFiles */ = {
			isa = PBXCopyFilesBuildPhase;
			buildActionMask = 2147483647;
			dstPath = /usr/share/man/man1/;
			dstSubfolderSpec = 0;
			files = (
			);
			runOnlyForDeploymentPostprocessing = 1;
		};
/* End PBXCopyFilesBuildPhase section */

/* Begin PBXFileReference section */
		2F1B6C4A1C5DEBA5000EACBE /* mftp */ = {isa = PBXFileReference; explicitFileType = "compiled.mach-o.executable"; includeInIndex = 0; path = mftp; sourceTree = BUILT_PRODUCTS_DIR; };
		2F1B6C4D1C5DEBA5000EACBE /* main.c */ = {isa = PBXFileReference; lastKnownFileType = sourcecode.c.c; path = main.c; sourceTree = "<group>"; };
		2F74EEE61C672BA400A7E49D /* utilsTests.cp */ = {isa = PBXFileReference; fileEncoding = 4; lastKnownFileType = sourcecode.cpp.cpp; path = utilsTests.cp; sourceTree = "<group>"; };
		2FD5ECCE1C5E056A001DA59E /* libargp.a */ = {isa = PBXFileReference; lastKnownFileType = archive.ar; name = libargp.a; path = "../../../../../../usr/local/Cellar/argp-standalone/1.3/lib/libargp.a"; sourceTree = "<group>"; };
		2FD5ECD01C5E0961001DA59E /* makefile */ = {isa = PBXFileReference; explicitFileType = sourcecode.make; fileEncoding = 4; path = makefile; sourceTree = "<group>"; };
		2FD5ECD31C5EEAFA001DA59E /* argparser.c */ = {isa = PBXFileReference; fileEncoding = 4; lastKnownFileType = sourcecode.c.c; path = argparser.c; sourceTree = "<group>"; };
		2FD5ECD41C5EEAFA001DA59E /* argparser.h */ = {isa = PBXFileReference; fileEncoding = 4; lastKnownFileType = sourcecode.c.h; path = argparser.h; sourceTree = "<group>"; };
		2FD5ECD61C5F3C6E001DA59E /* ftpclient.c */ = {isa = PBXFileReference; fileEncoding = 4; lastKnownFileType = sourcecode.c.c; path = ftpclient.c; sourceTree = "<group>"; };
		2FD5ECD71C5F3C6E001DA59E /* ftpclient.h */ = {isa = PBXFileReference; fileEncoding = 4; lastKnownFileType = sourcecode.c.h; path = ftpclient.h; sourceTree = "<group>"; };
		2FD5ECD91C5F4B44001DA59E /* gmock.framework */ = {isa = PBXFileReference; lastKnownFileType = wrapper.framework; name = gmock.framework; path = ../../../../../../usr/local/Frameworks/gmock.framework; sourceTree = "<group>"; };
		2FD5ECDA1C5F4B44001DA59E /* gtest.framework */ = {isa = PBXFileReference; lastKnownFileType = wrapper.framework; name = gtest.framework; path = ../../../../../../usr/local/Frameworks/gtest.framework; sourceTree = "<group>"; };
		2FD5ECE11C5F4B5D001DA59E /* Tests */ = {isa = PBXFileReference; explicitFileType = "compiled.mach-o.executable"; includeInIndex = 0; path = Tests; sourceTree = BUILT_PRODUCTS_DIR; };
		2FD5ECE31C5F4B5D001DA59E /* main.cpp */ = {isa = PBXFileReference; lastKnownFileType = sourcecode.cpp.cpp; path = main.cpp; sourceTree = "<group>"; };
		2FD5ECEE1C5F4BE8001DA59E /* ftpclientTests.cpp */ = {isa = PBXFileReference; fileEncoding = 4; lastKnownFileType = sourcecode.cpp.cpp; path = ftpclientTests.cpp; sourceTree = "<group>"; };
		2FD5ECF01C5FD320001DA59E /* utils.c */ = {isa = PBXFileReference; fileEncoding = 4; lastKnownFileType = sourcecode.c.c; path = utils.c; sourceTree = "<group>"; };
		2FD5ECF11C5FD320001DA59E /* utils.h */ = {isa = PBXFileReference; fileEncoding = 4; lastKnownFileType = sourcecode.c.h; path = utils.h; sourceTree = "<group>"; };
		2FF9AAD01C6DCCD2000F71C9 /* configparser.c */ = {isa = PBXFileReference; fileEncoding = 4; lastKnownFileType = sourcecode.c.c; path = configparser.c; sourceTree = "<group>"; };
		2FF9AAD11C6DCCD2000F71C9 /* configparser.h */ = {isa = PBXFileReference; fileEncoding = 4; lastKnownFileType = sourcecode.c.h; path = configparser.h; sourceTree = "<group>"; };
		2FF9AAD41C6DD183000F71C9 /* configparserTests.cpp */ = {isa = PBXFileReference; fileEncoding = 4; lastKnownFileType = sourcecode.cpp.cpp; path = configparserTests.cpp; sourceTree = "<group>"; };
/* End PBXFileReference section */

/* Begin PBXFrameworksBuildPhase section */
		2F1B6C471C5DEBA4000EACBE /* Frameworks */ = {
			isa = PBXFrameworksBuildPhase;
			buildActionMask = 2147483647;
			files = (
				2FD5ECCF1C5E056A001DA59E /* libargp.a in Frameworks */,
			);
			runOnlyForDeploymentPostprocessing = 0;
		};
		2FD5ECDE1C5F4B5D001DA59E /* Frameworks */ = {
			isa = PBXFrameworksBuildPhase;
			buildActionMask = 2147483647;
			files = (
				2FD5ECE91C5F4B83001DA59E /* gtest.framework in Frameworks */,
				2FD5ECE81C5F4B80001DA59E /* gmock.framework in Frameworks */,
				2FD5ECEA1C5F4B87001DA59E /* libargp.a in Frameworks */,
			);
			runOnlyForDeploymentPostprocessing = 0;
		};
/* End PBXFrameworksBuildPhase section */

/* Begin PBXGroup section */
		2F1B6C411C5DEBA4000EACBE = {
			isa = PBXGroup;
			children = (
				2FD5ECD91C5F4B44001DA59E /* gmock.framework */,
				2FD5ECDA1C5F4B44001DA59E /* gtest.framework */,
				2FD5ECCE1C5E056A001DA59E /* libargp.a */,
				2F1B6C4C1C5DEBA5000EACBE /* FTP Server */,
				2FD5ECE21C5F4B5D001DA59E /* Tests */,
				2F1B6C4B1C5DEBA5000EACBE /* Products */,
			);
			sourceTree = "<group>";
		};
		2F1B6C4B1C5DEBA5000EACBE /* Products */ = {
			isa = PBXGroup;
			children = (
				2F1B6C4A1C5DEBA5000EACBE /* mftp */,
				2FD5ECE11C5F4B5D001DA59E /* Tests */,
			);
			name = Products;
			sourceTree = "<group>";
		};
		2F1B6C4C1C5DEBA5000EACBE /* FTP Server */ = {
			isa = PBXGroup;
			children = (
				2FD5ECD41C5EEAFA001DA59E /* argparser.h */,
				2FD5ECD31C5EEAFA001DA59E /* argparser.c */,
				2FF9AAD11C6DCCD2000F71C9 /* configparser.h */,
				2FF9AAD01C6DCCD2000F71C9 /* configparser.c */,
				2F1B6C4D1C5DEBA5000EACBE /* main.c */,
				2FD5ECD71C5F3C6E001DA59E /* ftpclient.h */,
				2FD5ECD61C5F3C6E001DA59E /* ftpclient.c */,
				2FD5ECF11C5FD320001DA59E /* utils.h */,
				2FD5ECF01C5FD320001DA59E /* utils.c */,
				2FD5ECD01C5E0961001DA59E /* makefile */,
			);
			path = "FTP Server";
			sourceTree = "<group>";
		};
		2FD5ECE21C5F4B5D001DA59E /* Tests */ = {
			isa = PBXGroup;
			children = (
				2FD5ECE31C5F4B5D001DA59E /* main.cpp */,
				2FD5ECEE1C5F4BE8001DA59E /* ftpclientTests.cpp */,
				2F74EEE61C672BA400A7E49D /* utilsTests.cp */,
				2FF9AAD41C6DD183000F71C9 /* configparserTests.cpp */,
			);
			path = Tests;
			sourceTree = "<group>";
		};
/* End PBXGroup section */

/* Begin PBXNativeTarget section */
		2F1B6C491C5DEBA4000EACBE /* mftp */ = {
			isa = PBXNativeTarget;
			buildConfigurationList = 2F1B6C511C5DEBA5000EACBE /* Build configuration list for PBXNativeTarget "mftp" */;
			buildPhases = (
				2F1B6C461C5DEBA4000EACBE /* Sources */,
				2F1B6C471C5DEBA4000EACBE /* Frameworks */,
				2F1B6C481C5DEBA4000EACBE /* CopyFiles */,
			);
			buildRules = (
			);
			dependencies = (
			);
			name = mftp;
			productName = "FTP Server";
			productReference = 2F1B6C4A1C5DEBA5000EACBE /* mftp */;
			productType = "com.apple.product-type.tool";
		};
		2FD5ECE01C5F4B5D001DA59E /* Tests */ = {
			isa = PBXNativeTarget;
			buildConfigurationList = 2FD5ECE51C5F4B5D001DA59E /* Build configuration list for PBXNativeTarget "Tests" */;
			buildPhases = (
				2FD5ECDD1C5F4B5D001DA59E /* Sources */,
				2FD5ECDE1C5F4B5D001DA59E /* Frameworks */,
				2FD5ECDF1C5F4B5D001DA59E /* CopyFiles */,
			);
			buildRules = (
			);
			dependencies = (
			);
			name = Tests;
			productName = Tests;
			productReference = 2FD5ECE11C5F4B5D001DA59E /* Tests */;
			productType = "com.apple.product-type.tool";
		};
/* End PBXNativeTarget section */

/* Begin PBXProject section */
		2F1B6C421C5DEBA4000EACBE /* Project object */ = {
			isa = PBXProject;
			attributes = {
				LastUpgradeCheck = 0720;
				ORGANIZATIONNAME = "Tyler Ouyang";
				TargetAttributes = {
					2F1B6C491C5DEBA4000EACBE = {
						CreatedOnToolsVersion = 7.2;
					};
					2FD5ECE01C5F4B5D001DA59E = {
						CreatedOnToolsVersion = 7.2;
					};
				};
			};
			buildConfigurationList = 2F1B6C451C5DEBA4000EACBE /* Build configuration list for PBXProject "FTP Client" */;
			compatibilityVersion = "Xcode 6.3";
			developmentRegion = English;
			hasScannedForEncodings = 0;
			knownRegions = (
				en,
			);
			mainGroup = 2F1B6C411C5DEBA4000EACBE;
			productRefGroup = 2F1B6C4B1C5DEBA5000EACBE /* Products */;
			projectDirPath = "";
			projectRoot = "";
			targets = (
				2F1B6C491C5DEBA4000EACBE /* mftp */,
				2FD5ECE01C5F4B5D001DA59E /* Tests */,
			);
		};
/* End PBXProject section */

/* Begin PBXSourcesBuildPhase section */
		2F1B6C461C5DEBA4000EACBE /* Sources */ = {
			isa = PBXSourcesBuildPhase;
			buildActionMask = 2147483647;
			files = (
				2FD5ECD51C5EEAFA001DA59E /* argparser.c in Sources */,
				2FD5ECF21C5FD320001DA59E /* utils.c in Sources */,
				2F1B6C4E1C5DEBA5000EACBE /* main.c in Sources */,
				2FF9AAD21C6DCCD2000F71C9 /* configparser.c in Sources */,
				2FD5ECD81C5F3C6E001DA59E /* ftpclient.c in Sources */,
			);
			runOnlyForDeploymentPostprocessing = 0;
		};
		2FD5ECDD1C5F4B5D001DA59E /* Sources */ = {
			isa = PBXSourcesBuildPhase;
			buildActionMask = 2147483647;
			files = (
				2FD5ECF31C5FD320001DA59E /* utils.c in Sources */,
				2FF9AAD31C6DCCD2000F71C9 /* configparser.c in Sources */,
				2FF9AAD61C6DD183000F71C9 /* configparserTests.cpp in Sources */,
				2FD5ECE41C5F4B5D001DA59E /* main.cpp in Sources */,
				2F74EEE71C672BA400A7E49D /* utilsTests.cp in Sources */,
				2FD5ECEF1C5F4BE9001DA59E /* ftpclientTests.cpp in Sources */,
				2FD5ECEB1C5F4BBF001DA59E /* argparser.c in Sources */,
				2FD5ECED1C5F4BC7001DA59E /* ftpclient.c in Sources */,
			);
			runOnlyForDeploymentPostprocessing = 0;
		};
/* End PBXSourcesBuildPhase section */

/* Begin XCBuildConfiguration section */
		2F1B6C4F1C5DEBA5000EACBE /* Debug */ = {
			isa = XCBuildConfiguration;
			buildSettings = {
				ALWAYS_SEARCH_USER_PATHS = NO;
				CLANG_CXX_LANGUAGE_STANDARD = "gnu++0x";
				CLANG_CXX_LIBRARY = "libc++";
				CLANG_ENABLE_MODULES = YES;
				CLANG_ENABLE_OBJC_ARC = YES;
				CLANG_WARN_BOOL_CONVERSION = YES;
				CLANG_WARN_CONSTANT_CONVERSION = YES;
				CLANG_WARN_DIRECT_OBJC_ISA_USAGE = YES_ERROR;
				CLANG_WARN_EMPTY_BODY = YES;
				CLANG_WARN_ENUM_CONVERSION = YES;
				CLANG_WARN_INT_CONVERSION = YES;
				CLANG_WARN_OBJC_ROOT_CLASS = YES_ERROR;
				CLANG_WARN_UNREACHABLE_CODE = YES;
				CLANG_WARN__DUPLICATE_METHOD_MATCH = YES;
				CODE_SIGN_IDENTITY = "-";
				COPY_PHASE_STRIP = NO;
				DEBUG_INFORMATION_FORMAT = dwarf;
				ENABLE_STRICT_OBJC_MSGSEND = YES;
				ENABLE_TESTABILITY = YES;
				GCC_C_LANGUAGE_STANDARD = gnu99;
				GCC_DYNAMIC_NO_PIC = NO;
				GCC_NO_COMMON_BLOCKS = YES;
				GCC_OPTIMIZATION_LEVEL = 0;
				GCC_PREPROCESSOR_DEFINITIONS = (
					"DEBUG=1",
					"$(inherited)",
				);
				GCC_WARN_64_TO_32_BIT_CONVERSION = YES;
				GCC_WARN_ABOUT_RETURN_TYPE = YES_ERROR;
				GCC_WARN_UNDECLARED_SELECTOR = YES;
				GCC_WARN_UNINITIALIZED_AUTOS = YES_AGGRESSIVE;
				GCC_WARN_UNUSED_FUNCTION = YES;
				GCC_WARN_UNUSED_VARIABLE = YES;
				MACOSX_DEPLOYMENT_TARGET = 10.11;
				MTL_ENABLE_DEBUG_INFO = YES;
				ONLY_ACTIVE_ARCH = YES;
				SDKROOT = macosx;
			};
			name = Debug;
		};
		2F1B6C501C5DEBA5000EACBE /* Release */ = {
			isa = XCBuildConfiguration;
			buildSettings = {
				ALWAYS_SEARCH_USER_PATHS = NO;
				CLANG_CXX_LANGUAGE_STANDARD = "gnu++0x";
				CLANG_CXX_LIBRARY = "libc++";
				CLANG_ENABLE_MODULES = YES;
				CLANG_ENABLE_OBJC_ARC = YES;
				CLANG_WARN_BOOL_CONVERSION = YES;
				CLANG_WARN_CONSTANT_CONVERSION = YES;
				CLANG_WARN_DIRECT_OBJC_ISA_USAGE = YES_ERROR;
				CLANG_WARN_EMPTY_BODY = YES;
				CLANG_WARN_ENUM_CONVERSION = YES;
				CLANG_WARN_INT_CONVERSION = YES;
				CLANG_WARN_OBJC_ROOT_CLASS = YES_ERROR;
				CLANG_WARN_UNREACHABLE_CODE = YES;
				CLANG_WARN__DUPLICATE_METHOD_MATCH = YES;
				CODE_SIGN_IDENTITY = "-";
				COPY_PHASE_STRIP = NO;
				DEBUG_INFORMATION_FORMAT = "dwarf-with-dsym";
				ENABLE_NS_ASSERTIONS = NO;
				ENABLE_STRICT_OBJC_MSGSEND = YES;
				GCC_C_LANGUAGE_STANDARD = gnu99;
				GCC_NO_COMMON_BLOCKS = YES;
				GCC_WARN_64_TO_32_BIT_CONVERSION = YES;
				GCC_WARN_ABOUT_RETURN_TYPE = YES_ERROR;
				GCC_WARN_UNDECLARED_SELECTOR = YES;
				GCC_WARN_UNINITIALIZED_AUTOS = YES_AGGRESSIVE;
				GCC_WARN_UNUSED_FUNCTION = YES;
				GCC_WARN_UNUSED_VARIABLE = YES;
				MACOSX_DEPLOYMENT_TARGET = 10.11;
				MTL_ENABLE_DEBUG_INFO = NO;
				SDKROOT = macosx;
			};
			name = Release;
		};
		2F1B6C521C5DEBA5000EACBE /* Debug */ = {
			isa = XCBuildConfiguration;
			buildSettings = {
				FRAMEWORK_SEARCH_PATHS = (
					"$(inherited)",
					/usr/local/Frameworks,
				);
				HEADER_SEARCH_PATHS = /usr/local/include;
				LIBRARY_SEARCH_PATHS = "/usr/local/Cellar/argp-standalone/1.3/lib";
				PRODUCT_NAME = "$(TARGET_NAME)";
			};
			name = Debug;
		};
		2F1B6C531C5DEBA5000EACBE /* Release */ = {
			isa = XCBuildConfiguration;
			buildSettings = {
				FRAMEWORK_SEARCH_PATHS = (
					"$(inherited)",
					/usr/local/Frameworks,
				);
				HEADER_SEARCH_PATHS = /usr/local/include;
				LIBRARY_SEARCH_PATHS = "/usr/local/Cellar/argp-standalone/1.3/lib";
				PRODUCT_NAME = "$(TARGET_NAME)";
			};
			name = Release;
		};
		2FD5ECE61C5F4B5D001DA59E /* Debug */ = {
			isa = XCBuildConfiguration;
			buildSettings = {
				FRAMEWORK_SEARCH_PATHS = (
					"$(inherited)",
					/usr/local/Frameworks,
				);
				HEADER_SEARCH_PATHS = /usr/local/include;
				LIBRARY_SEARCH_PATHS = (
					"$(inherited)",
					"/usr/local/Cellar/argp-standalone/1.3/lib",
				);
				PRODUCT_NAME = "$(TARGET_NAME)";
			};
			name = Debug;
		};
		2FD5ECE71C5F4B5D001DA59E /* Release */ = {
			isa = XCBuildConfiguration;
			buildSettings = {
				FRAMEWORK_SEARCH_PATHS = (
					"$(inherited)",
					/usr/local/Frameworks,
				);
				HEADER_SEARCH_PATHS = /usr/local/include;
				LIBRARY_SEARCH_PATHS = (
					"$(inherited)",
					"/usr/local/Cellar/argp-standalone/1.3/lib",
				);
				PRODUCT_NAME = "$(TARGET_NAME)";
			};
			name = Release;
		};
/* End XCBuildConfiguration section */

/* Begin XCConfigurationList section */
		2F1B6C451C5DEBA4000EACBE /* Build configuration list for PBXProject "FTP Client" */ = {
			isa = XCConfigurationList;
			buildConfigurations = (
				2F1B6C4F1C5DEBA5000EACBE /* Debug */,
				2F1B6C501C5DEBA5000EACBE /* Release */,
			);
			defaultConfigurationIsVisible = 0;
			defaultConfigurationName = Release;
		};
		2F1B6C511C5DEBA5000EACBE /* Build configuration list for PBXNativeTarget "mftp" */ = {
			isa = XCConfigurationList;
			buildConfigurations = (
				2F1B6C521C5DEBA5000EACBE /* Debug */,
				2F1B6C531C5DEBA5000EACBE /* Release */,
			);
			defaultConfigurationIsVisible = 0;
			defaultConfigurationName = Release;
		};
		2FD5ECE51C5F4B5D001DA59E /* Build configuration list for PBXNativeTarget "Tests" */ = {
			isa = XCConfigurationList;
			buildConfigurations = (
				2FD5ECE61C5F4B5D001DA59E /* Debug */,
				2FD5ECE71C5F4B5D001DA59E /* Release */,
			);
			defaultConfigurationIsVisible = 0;
			defaultConfigurationName = Release;
		};
/* End XCConfigurationList section */
	};
	rootObject = 2F1B6C421C5DEBA4000EACBE /* Project object */;
}
